
Microsoft Visual Studio Solution File, Format Version 12.00
# Visual Studio 15
VisualStudioVersion = 15.0.28307.572
MinimumVisualStudioVersion = 10.0.40219.1
Project("{8BC9CEB8-8B4A-11D0-8D11-00A0C91BC942}") = "VedieoImporter", "VedieoImporter\VedieoImporter.vcxproj", "{7364B291-0D0E-45C2-BA80-AB94535F1B06}"
EndProject
Global
	GlobalSection(SolutionConfigurationPlatforms) = preSolution
		Debug|x64 = Debug|x64
		Debug|x86 = Debug|x86
		Release|x64 = Release|x64
		Release|x86 = Release|x86
	EndGlobalSection
	GlobalSection(ProjectConfigurationPlatforms) = postSolution
		{7364B291-0D0E-45C2-BA80-AB94535F1B06}.Debug|x64.ActiveCfg = Debug|x64
		{7364B291-0D0E-45C2-BA80-AB94535F1B06}.Debug|x64.Build.0 = Debug|x64
		{7364B291-0D0E-45C2-BA80-AB94535F1B06}.Debug|x86.ActiveCfg = Debug|Win32
		{7364B291-0D0E-45C2-BA80-AB94535F1B06}.Debug|x86.Build.0 = Debug|Win32
		{7364B291-0D0E-45C2-BA80-AB94535F1B06}.Release|x64.ActiveCfg = Release|x64
		{7364B291-0D0E-45C2-BA80-AB94535F1B06}.Release|x64.Build.0 = Release|x64
		{7364B291-0D0E-45C2-BA80-AB94535F1B06}.Release|x86.ActiveCfg = Release|Win32
		{7364B291-0D0E-45C2-BA80-AB94535F1B06}.Release|x86.Build.0 = Release|Win32
	EndGlobalSection
	GlobalSection(SolutionProperties) = preSolution
		HideSolutionNode = FALSE
	EndGlobalSection
	GlobalSection(ExtensibilityGlobals) = postSolution
		SolutionGuid = {DC62F0F2-E2E2-4582-BF9D-06F0349E7A53}
	EndGlobalSection
EndGlobal
